// !$*UTF8*$!
{
	archiveVersion = 1;
	classes = {
	};
	objectVersion = 56;
	objects = {

/* Begin PBXBuildFile section */
		4F0173E2293991F7008F9258 /* KLTabBarController.swift in Sources */ = {isa = PBXBuildFile; fileRef = 4F0173E1293991F7008F9258 /* KLTabBarController.swift */; };
		4F0173E629399385008F9258 /* MapVC.swift in Sources */ = {isa = PBXBuildFile; fileRef = 4F0173E529399385008F9258 /* MapVC.swift */; };
		4F0173E929399428008F9258 /* ProfileVC.swift in Sources */ = {isa = PBXBuildFile; fileRef = 4F0173E829399428008F9258 /* ProfileVC.swift */; };
		4F0173EC29399743008F9258 /* PostVC.swift in Sources */ = {isa = PBXBuildFile; fileRef = 4F0173EB29399743008F9258 /* PostVC.swift */; };
		4F0173EF2939980C008F9258 /* CommunityVC.swift in Sources */ = {isa = PBXBuildFile; fileRef = 4F0173EE2939980C008F9258 /* CommunityVC.swift */; };
		4F0173F22939A252008F9258 /* UIColor+Extension.swift in Sources */ = {isa = PBXBuildFile; fileRef = 4F0173F12939A252008F9258 /* UIColor+Extension.swift */; };
		4F0173F42939AABE008F9258 /* UINavigationController+Extension.swift in Sources */ = {isa = PBXBuildFile; fileRef = 4F0173F32939AABE008F9258 /* UINavigationController+Extension.swift */; };
		4F0173F72939AD13008F9258 /* Constants.swift in Sources */ = {isa = PBXBuildFile; fileRef = 4F0173F62939AD13008F9258 /* Constants.swift */; };
		4F0173F92939AD8A008F9258 /* UIImage+Extension.swift in Sources */ = {isa = PBXBuildFile; fileRef = 4F0173F82939AD8A008F9258 /* UIImage+Extension.swift */; };
		4F0173FC2939CAF8008F9258 /* User.swift in Sources */ = {isa = PBXBuildFile; fileRef = 4F0173FB2939CAF8008F9258 /* User.swift */; };
		4F43AEEB29387FBB00449AD7 /* AppDelegate.swift in Sources */ = {isa = PBXBuildFile; fileRef = 4F43AEEA29387FBB00449AD7 /* AppDelegate.swift */; };
		4F43AEED29387FBB00449AD7 /* SceneDelegate.swift in Sources */ = {isa = PBXBuildFile; fileRef = 4F43AEEC29387FBB00449AD7 /* SceneDelegate.swift */; };
		4F43AEEF29387FBB00449AD7 /* ViewController.swift in Sources */ = {isa = PBXBuildFile; fileRef = 4F43AEEE29387FBB00449AD7 /* ViewController.swift */; };
		4F43AEF529387FBB00449AD7 /* KALE.xcdatamodeld in Sources */ = {isa = PBXBuildFile; fileRef = 4F43AEF329387FBB00449AD7 /* KALE.xcdatamodeld */; };
		4F43AEF729387FC000449AD7 /* Assets.xcassets in Resources */ = {isa = PBXBuildFile; fileRef = 4F43AEF629387FC000449AD7 /* Assets.xcassets */; };
		4F43AEFA29387FC000449AD7 /* LaunchScreen.storyboard in Resources */ = {isa = PBXBuildFile; fileRef = 4F43AEF829387FC000449AD7 /* LaunchScreen.storyboard */; };
/* End PBXBuildFile section */

/* Begin PBXFileReference section */
		4F0173E1293991F7008F9258 /* KLTabBarController.swift */ = {isa = PBXFileReference; lastKnownFileType = sourcecode.swift; path = KLTabBarController.swift; sourceTree = "<group>"; };
		4F0173E529399385008F9258 /* MapVC.swift */ = {isa = PBXFileReference; lastKnownFileType = sourcecode.swift; path = MapVC.swift; sourceTree = "<group>"; };
		4F0173E829399428008F9258 /* ProfileVC.swift */ = {isa = PBXFileReference; lastKnownFileType = sourcecode.swift; path = ProfileVC.swift; sourceTree = "<group>"; };
		4F0173EB29399743008F9258 /* PostVC.swift */ = {isa = PBXFileReference; lastKnownFileType = sourcecode.swift; path = PostVC.swift; sourceTree = "<group>"; };
		4F0173EE2939980C008F9258 /* CommunityVC.swift */ = {isa = PBXFileReference; lastKnownFileType = sourcecode.swift; path = CommunityVC.swift; sourceTree = "<group>"; };
		4F0173F12939A252008F9258 /* UIColor+Extension.swift */ = {isa = PBXFileReference; lastKnownFileType = sourcecode.swift; path = "UIColor+Extension.swift"; sourceTree = "<group>"; };
		4F0173F32939AABE008F9258 /* UINavigationController+Extension.swift */ = {isa = PBXFileReference; lastKnownFileType = sourcecode.swift; path = "UINavigationController+Extension.swift"; sourceTree = "<group>"; };
		4F0173F62939AD13008F9258 /* Constants.swift */ = {isa = PBXFileReference; lastKnownFileType = sourcecode.swift; path = Constants.swift; sourceTree = "<group>"; };
		4F0173F82939AD8A008F9258 /* UIImage+Extension.swift */ = {isa = PBXFileReference; lastKnownFileType = sourcecode.swift; path = "UIImage+Extension.swift"; sourceTree = "<group>"; };
		4F0173FB2939CAF8008F9258 /* User.swift */ = {isa = PBXFileReference; lastKnownFileType = sourcecode.swift; path = User.swift; sourceTree = "<group>"; };
		4F43AEE729387FBB00449AD7 /* KALE.app */ = {isa = PBXFileReference; explicitFileType = wrapper.application; includeInIndex = 0; path = KALE.app; sourceTree = BUILT_PRODUCTS_DIR; };
		4F43AEEA29387FBB00449AD7 /* AppDelegate.swift */ = {isa = PBXFileReference; lastKnownFileType = sourcecode.swift; path = AppDelegate.swift; sourceTree = "<group>"; };
		4F43AEEC29387FBB00449AD7 /* SceneDelegate.swift */ = {isa = PBXFileReference; lastKnownFileType = sourcecode.swift; path = SceneDelegate.swift; sourceTree = "<group>"; };
		4F43AEEE29387FBB00449AD7 /* ViewController.swift */ = {isa = PBXFileReference; lastKnownFileType = sourcecode.swift; path = ViewController.swift; sourceTree = "<group>"; };
		4F43AEF429387FBB00449AD7 /* KALE.xcdatamodel */ = {isa = PBXFileReference; lastKnownFileType = wrapper.xcdatamodel; path = KALE.xcdatamodel; sourceTree = "<group>"; };
		4F43AEF629387FC000449AD7 /* Assets.xcassets */ = {isa = PBXFileReference; lastKnownFileType = folder.assetcatalog; path = Assets.xcassets; sourceTree = "<group>"; };
		4F43AEF929387FC000449AD7 /* Base */ = {isa = PBXFileReference; lastKnownFileType = file.storyboard; name = Base; path = Base.lproj/LaunchScreen.storyboard; sourceTree = "<group>"; };
		4F43AEFB29387FC000449AD7 /* Info.plist */ = {isa = PBXFileReference; lastKnownFileType = text.plist.xml; path = Info.plist; sourceTree = "<group>"; };
/* End PBXFileReference section */

/* Begin PBXFrameworksBuildPhase section */
		4F43AEE429387FBB00449AD7 /* Frameworks */ = {
			isa = PBXFrameworksBuildPhase;
			buildActionMask = 2147483647;
			files = (
			);
			runOnlyForDeploymentPostprocessing = 0;
		};
/* End PBXFrameworksBuildPhase section */

/* Begin PBXGroup section */
		4F0173DF293991B5008F9258 /* Custom Views */ = {
			isa = PBXGroup;
			children = (
				4F0173E0293991C6008F9258 /* TabBarControllers */,
			);
			path = "Custom Views";
			sourceTree = "<group>";
		};
		4F0173E0293991C6008F9258 /* TabBarControllers */ = {
			isa = PBXGroup;
			children = (
				4F0173E1293991F7008F9258 /* KLTabBarController.swift */,
			);
			path = TabBarControllers;
			sourceTree = "<group>";
		};
		4F0173E3293992D7008F9258 /* Screens */ = {
			isa = PBXGroup;
			children = (
				4F0173ED293997F4008F9258 /* Community */,
				4F0173EA29399730008F9258 /* Post */,
				4F0173E729399417008F9258 /* Profile */,
				4F0173E429399372008F9258 /* Map */,
			);
			path = Screens;
			sourceTree = "<group>";
		};
		4F0173E429399372008F9258 /* Map */ = {
			isa = PBXGroup;
			children = (
				4F0173E529399385008F9258 /* MapVC.swift */,
			);
			path = Map;
			sourceTree = "<group>";
		};
		4F0173E729399417008F9258 /* Profile */ = {
			isa = PBXGroup;
			children = (
				4F0173E829399428008F9258 /* ProfileVC.swift */,
			);
			path = Profile;
			sourceTree = "<group>";
		};
		4F0173EA29399730008F9258 /* Post */ = {
			isa = PBXGroup;
			children = (
				4F0173EB29399743008F9258 /* PostVC.swift */,
			);
			path = Post;
			sourceTree = "<group>";
		};
		4F0173ED293997F4008F9258 /* Community */ = {
			isa = PBXGroup;
			children = (
				4F0173EE2939980C008F9258 /* CommunityVC.swift */,
			);
			path = Community;
			sourceTree = "<group>";
		};
		4F0173F02939A231008F9258 /* Extensions */ = {
			isa = PBXGroup;
			children = (
				4F0173F12939A252008F9258 /* UIColor+Extension.swift */,
				4F0173F32939AABE008F9258 /* UINavigationController+Extension.swift */,
				4F0173F82939AD8A008F9258 /* UIImage+Extension.swift */,
			);
			path = Extensions;
			sourceTree = "<group>";
		};
		4F0173F52939ACFD008F9258 /* Utilities */ = {
			isa = PBXGroup;
			children = (
				4F0173F62939AD13008F9258 /* Constants.swift */,
			);
			path = Utilities;
			sourceTree = "<group>";
		};
		4F0173FA2939CAE2008F9258 /* Model */ = {
			isa = PBXGroup;
			children = (
				4F0173FB2939CAF8008F9258 /* User.swift */,
			);
			path = Model;
			sourceTree = "<group>";
		};
		4F43AEDE29387FBA00449AD7 = {
			isa = PBXGroup;
			children = (
				4F43AEE929387FBB00449AD7 /* KALE */,
				4F43AEE829387FBB00449AD7 /* Products */,
			);
			sourceTree = "<group>";
		};
		4F43AEE829387FBB00449AD7 /* Products */ = {
			isa = PBXGroup;
			children = (
				4F43AEE729387FBB00449AD7 /* KALE.app */,
			);
			name = Products;
			sourceTree = "<group>";
		};
		4F43AEE929387FBB00449AD7 /* KALE */ = {
			isa = PBXGroup;
			children = (
				4F0173FA2939CAE2008F9258 /* Model */,
				4F0173F52939ACFD008F9258 /* Utilities */,
				4F0173F02939A231008F9258 /* Extensions */,
				4F0173E3293992D7008F9258 /* Screens */,
				4F0173DF293991B5008F9258 /* Custom Views */,
				4F43AEEA29387FBB00449AD7 /* AppDelegate.swift */,
				4F43AEEC29387FBB00449AD7 /* SceneDelegate.swift */,
				4F43AEEE29387FBB00449AD7 /* ViewController.swift */,
				4F43AEF629387FC000449AD7 /* Assets.xcassets */,
				4F43AEF829387FC000449AD7 /* LaunchScreen.storyboard */,
				4F43AEFB29387FC000449AD7 /* Info.plist */,
				4F43AEF329387FBB00449AD7 /* KALE.xcdatamodeld */,
			);
			path = KALE;
			sourceTree = "<group>";
		};
/* End PBXGroup section */

/* Begin PBXNativeTarget section */
		4F43AEE629387FBB00449AD7 /* KALE */ = {
			isa = PBXNativeTarget;
			buildConfigurationList = 4F43AEFE29387FC000449AD7 /* Build configuration list for PBXNativeTarget "KALE" */;
			buildPhases = (
				4F43AEE329387FBB00449AD7 /* Sources */,
				4F43AEE429387FBB00449AD7 /* Frameworks */,
				4F43AEE529387FBB00449AD7 /* Resources */,
			);
			buildRules = (
			);
			dependencies = (
			);
			name = KALE;
			productName = KALE;
			productReference = 4F43AEE729387FBB00449AD7 /* KALE.app */;
			productType = "com.apple.product-type.application";
		};
/* End PBXNativeTarget section */

/* Begin PBXProject section */
		4F43AEDF29387FBB00449AD7 /* Project object */ = {
			isa = PBXProject;
			attributes = {
				BuildIndependentTargetsInParallel = 1;
				LastSwiftUpdateCheck = 1400;
				LastUpgradeCheck = 1400;
				TargetAttributes = {
					4F43AEE629387FBB00449AD7 = {
						CreatedOnToolsVersion = 14.0;
					};
				};
			};
			buildConfigurationList = 4F43AEE229387FBB00449AD7 /* Build configuration list for PBXProject "KALE" */;
			compatibilityVersion = "Xcode 14.0";
			developmentRegion = en;
			hasScannedForEncodings = 0;
			knownRegions = (
				en,
				Base,
			);
			mainGroup = 4F43AEDE29387FBA00449AD7;
			productRefGroup = 4F43AEE829387FBB00449AD7 /* Products */;
			projectDirPath = "";
			projectRoot = "";
			targets = (
				4F43AEE629387FBB00449AD7 /* KALE */,
			);
		};
/* End PBXProject section */

/* Begin PBXResourcesBuildPhase section */
		4F43AEE529387FBB00449AD7 /* Resources */ = {
			isa = PBXResourcesBuildPhase;
			buildActionMask = 2147483647;
			files = (
				4F43AEFA29387FC000449AD7 /* LaunchScreen.storyboard in Resources */,
				4F43AEF729387FC000449AD7 /* Assets.xcassets in Resources */,
			);
			runOnlyForDeploymentPostprocessing = 0;
		};
/* End PBXResourcesBuildPhase section */

/* Begin PBXSourcesBuildPhase section */
		4F43AEE329387FBB00449AD7 /* Sources */ = {
			isa = PBXSourcesBuildPhase;
			buildActionMask = 2147483647;
			files = (
				4F0173F92939AD8A008F9258 /* UIImage+Extension.swift in Sources */,
				4F0173EF2939980C008F9258 /* CommunityVC.swift in Sources */,
				4F43AEEF29387FBB00449AD7 /* ViewController.swift in Sources */,
				4F0173F42939AABE008F9258 /* UINavigationController+Extension.swift in Sources */,
				4F0173E629399385008F9258 /* MapVC.swift in Sources */,
				4F0173E929399428008F9258 /* ProfileVC.swift in Sources */,
				4F0173FC2939CAF8008F9258 /* User.swift in Sources */,
				4F43AEEB29387FBB00449AD7 /* AppDelegate.swift in Sources */,
				4F43AEF529387FBB00449AD7 /* KALE.xcdatamodeld in Sources */,
				4F43AEED29387FBB00449AD7 /* SceneDelegate.swift in Sources */,
				4F0173EC29399743008F9258 /* PostVC.swift in Sources */,
				4F0173E2293991F7008F9258 /* KLTabBarController.swift in Sources */,
				4F0173F22939A252008F9258 /* UIColor+Extension.swift in Sources */,
				4F0173F72939AD13008F9258 /* Constants.swift in Sources */,
			);
			runOnlyForDeploymentPostprocessing = 0;
		};
/* End PBXSourcesBuildPhase section */

/* Begin PBXVariantGroup section */
		4F43AEF829387FC000449AD7 /* LaunchScreen.storyboard */ = {
			isa = PBXVariantGroup;
			children = (
				4F43AEF929387FC000449AD7 /* Base */,
			);
			name = LaunchScreen.storyboard;
			sourceTree = "<group>";
		};
/* End PBXVariantGroup section */

/* Begin XCBuildConfiguration section */
		4F43AEFC29387FC000449AD7 /* Debug */ = {
			isa = XCBuildConfiguration;
			buildSettings = {
				ALWAYS_SEARCH_USER_PATHS = NO;
				CLANG_ANALYZER_NONNULL = YES;
				CLANG_ANALYZER_NUMBER_OBJECT_CONVERSION = YES_AGGRESSIVE;
				CLANG_CXX_LANGUAGE_STANDARD = "gnu++20";
				CLANG_ENABLE_MODULES = YES;
				CLANG_ENABLE_OBJC_ARC = YES;
				CLANG_ENABLE_OBJC_WEAK = YES;
				CLANG_WARN_BLOCK_CAPTURE_AUTORELEASING = YES;
				CLANG_WARN_BOOL_CONVERSION = YES;
				CLANG_WARN_COMMA = YES;
				CLANG_WARN_CONSTANT_CONVERSION = YES;
				CLANG_WARN_DEPRECATED_OBJC_IMPLEMENTATIONS = YES;
				CLANG_WARN_DIRECT_OBJC_ISA_USAGE = YES_ERROR;
				CLANG_WARN_DOCUMENTATION_COMMENTS = YES;
				CLANG_WARN_EMPTY_BODY = YES;
				CLANG_WARN_ENUM_CONVERSION = YES;
				CLANG_WARN_INFINITE_RECURSION = YES;
				CLANG_WARN_INT_CONVERSION = YES;
				CLANG_WARN_NON_LITERAL_NULL_CONVERSION = YES;
				CLANG_WARN_OBJC_IMPLICIT_RETAIN_SELF = YES;
				CLANG_WARN_OBJC_LITERAL_CONVERSION = YES;
				CLANG_WARN_OBJC_ROOT_CLASS = YES_ERROR;
				CLANG_WARN_QUOTED_INCLUDE_IN_FRAMEWORK_HEADER = YES;
				CLANG_WARN_RANGE_LOOP_ANALYSIS = YES;
				CLANG_WARN_STRICT_PROTOTYPES = YES;
				CLANG_WARN_SUSPICIOUS_MOVE = YES;
				CLANG_WARN_UNGUARDED_AVAILABILITY = YES_AGGRESSIVE;
				CLANG_WARN_UNREACHABLE_CODE = YES;
				CLANG_WARN__DUPLICATE_METHOD_MATCH = YES;
				COPY_PHASE_STRIP = NO;
				DEBUG_INFORMATION_FORMAT = dwarf;
				ENABLE_STRICT_OBJC_MSGSEND = YES;
				ENABLE_TESTABILITY = YES;
				GCC_C_LANGUAGE_STANDARD = gnu11;
				GCC_DYNAMIC_NO_PIC = NO;
				GCC_NO_COMMON_BLOCKS = YES;
				GCC_OPTIMIZATION_LEVEL = 0;
				GCC_PREPROCESSOR_DEFINITIONS = (
					"DEBUG=1",
					"$(inherited)",
				);
				GCC_WARN_64_TO_32_BIT_CONVERSION = YES;
				GCC_WARN_ABOUT_RETURN_TYPE = YES_ERROR;
				GCC_WARN_UNDECLARED_SELECTOR = YES;
				GCC_WARN_UNINITIALIZED_AUTOS = YES_AGGRESSIVE;
				GCC_WARN_UNUSED_FUNCTION = YES;
				GCC_WARN_UNUSED_VARIABLE = YES;
				IPHONEOS_DEPLOYMENT_TARGET = 16.0;
				MTL_ENABLE_DEBUG_INFO = INCLUDE_SOURCE;
				MTL_FAST_MATH = YES;
				ONLY_ACTIVE_ARCH = YES;
				SDKROOT = iphoneos;
				SWIFT_ACTIVE_COMPILATION_CONDITIONS = DEBUG;
				SWIFT_OPTIMIZATION_LEVEL = "-Onone";
			};
			name = Debug;
		};
		4F43AEFD29387FC000449AD7 /* Release */ = {
			isa = XCBuildConfiguration;
			buildSettings = {
				ALWAYS_SEARCH_USER_PATHS = NO;
				CLANG_ANALYZER_NONNULL = YES;
				CLANG_ANALYZER_NUMBER_OBJECT_CONVERSION = YES_AGGRESSIVE;
				CLANG_CXX_LANGUAGE_STANDARD = "gnu++20";
				CLANG_ENABLE_MODULES = YES;
				CLANG_ENABLE_OBJC_ARC = YES;
				CLANG_ENABLE_OBJC_WEAK = YES;
				CLANG_WARN_BLOCK_CAPTURE_AUTORELEASING = YES;
				CLANG_WARN_BOOL_CONVERSION = YES;
				CLANG_WARN_COMMA = YES;
				CLANG_WARN_CONSTANT_CONVERSION = YES;
				CLANG_WARN_DEPRECATED_OBJC_IMPLEMENTATIONS = YES;
				CLANG_WARN_DIRECT_OBJC_ISA_USAGE = YES_ERROR;
				CLANG_WARN_DOCUMENTATION_COMMENTS = YES;
				CLANG_WARN_EMPTY_BODY = YES;
				CLANG_WARN_ENUM_CONVERSION = YES;
				CLANG_WARN_INFINITE_RECURSION = YES;
				CLANG_WARN_INT_CONVERSION = YES;
				CLANG_WARN_NON_LITERAL_NULL_CONVERSION = YES;
				CLANG_WARN_OBJC_IMPLICIT_RETAIN_SELF = YES;
				CLANG_WARN_OBJC_LITERAL_CONVERSION = YES;
				CLANG_WARN_OBJC_ROOT_CLASS = YES_ERROR;
				CLANG_WARN_QUOTED_INCLUDE_IN_FRAMEWORK_HEADER = YES;
				CLANG_WARN_RANGE_LOOP_ANALYSIS = YES;
				CLANG_WARN_STRICT_PROTOTYPES = YES;
				CLANG_WARN_SUSPICIOUS_MOVE = YES;
				CLANG_WARN_UNGUARDED_AVAILABILITY = YES_AGGRESSIVE;
				CLANG_WARN_UNREACHABLE_CODE = YES;
				CLANG_WARN__DUPLICATE_METHOD_MATCH = YES;
				COPY_PHASE_STRIP = NO;
				DEBUG_INFORMATION_FORMAT = "dwarf-with-dsym";
				ENABLE_NS_ASSERTIONS = NO;
				ENABLE_STRICT_OBJC_MSGSEND = YES;
				GCC_C_LANGUAGE_STANDARD = gnu11;
				GCC_NO_COMMON_BLOCKS = YES;
				GCC_WARN_64_TO_32_BIT_CONVERSION = YES;
				GCC_WARN_ABOUT_RETURN_TYPE = YES_ERROR;
				GCC_WARN_UNDECLARED_SELECTOR = YES;
				GCC_WARN_UNINITIALIZED_AUTOS = YES_AGGRESSIVE;
				GCC_WARN_UNUSED_FUNCTION = YES;
				GCC_WARN_UNUSED_VARIABLE = YES;
				IPHONEOS_DEPLOYMENT_TARGET = 16.0;
				MTL_ENABLE_DEBUG_INFO = NO;
				MTL_FAST_MATH = YES;
				SDKROOT = iphoneos;
				SWIFT_COMPILATION_MODE = wholemodule;
				SWIFT_OPTIMIZATION_LEVEL = "-O";
				VALIDATE_PRODUCT = YES;
			};
			name = Release;
		};
		4F43AEFF29387FC000449AD7 /* Debug */ = {
			isa = XCBuildConfiguration;
			buildSettings = {
				ASSETCATALOG_COMPILER_APPICON_NAME = AppIcon;
				ASSETCATALOG_COMPILER_GLOBAL_ACCENT_COLOR_NAME = AccentColor;
				CODE_SIGN_STYLE = Automatic;
				CURRENT_PROJECT_VERSION = 1;
				DEVELOPMENT_TEAM = 6U2TAM5353;
				GENERATE_INFOPLIST_FILE = YES;
				INFOPLIST_FILE = KALE/Info.plist;
				INFOPLIST_KEY_UIApplicationSupportsIndirectInputEvents = YES;
				INFOPLIST_KEY_UILaunchStoryboardName = LaunchScreen;
				INFOPLIST_KEY_UISupportedInterfaceOrientations_iPad = "UIInterfaceOrientationPortrait UIInterfaceOrientationPortraitUpsideDown UIInterfaceOrientationLandscapeLeft UIInterfaceOrientationLandscapeRight";
				INFOPLIST_KEY_UISupportedInterfaceOrientations_iPhone = "UIInterfaceOrientationPortrait UIInterfaceOrientationLandscapeLeft UIInterfaceOrientationLandscapeRight";
				LD_RUNPATH_SEARCH_PATHS = (
					"$(inherited)",
					"@executable_path/Frameworks",
				);
				MARKETING_VERSION = 1.0;
				PRODUCT_BUNDLE_IDENTIFIER = com.krauserhuang.KALE;
				PRODUCT_NAME = "$(TARGET_NAME)";
				SWIFT_EMIT_LOC_STRINGS = YES;
				SWIFT_VERSION = 5.0;
				TARGETED_DEVICE_FAMILY = "1,2";
			};
			name = Debug;
		};
		4F43AF0029387FC000449AD7 /* Release */ = {
			isa = XCBuildConfiguration;
			buildSettings = {
				ASSETCATALOG_COMPILER_APPICON_NAME = AppIcon;
				ASSETCATALOG_COMPILER_GLOBAL_ACCENT_COLOR_NAME = AccentColor;
				CODE_SIGN_STYLE = Automatic;
				CURRENT_PROJECT_VERSION = 1;
				DEVELOPMENT_TEAM = 6U2TAM5353;
				GENERATE_INFOPLIST_FILE = YES;
				INFOPLIST_FILE = KALE/Info.plist;
				INFOPLIST_KEY_UIApplicationSupportsIndirectInputEvents = YES;
				INFOPLIST_KEY_UILaunchStoryboardName = LaunchScreen;
				INFOPLIST_KEY_UISupportedInterfaceOrientations_iPad = "UIInterfaceOrientationPortrait UIInterfaceOrientationPortraitUpsideDown UIInterfaceOrientationLandscapeLeft UIInterfaceOrientationLandscapeRight";
				INFOPLIST_KEY_UISupportedInterfaceOrientations_iPhone = "UIInterfaceOrientationPortrait UIInterfaceOrientationLandscapeLeft UIInterfaceOrientationLandscapeRight";
				LD_RUNPATH_SEARCH_PATHS = (
					"$(inherited)",
					"@executable_path/Frameworks",
				);
				MARKETING_VERSION = 1.0;
				PRODUCT_BUNDLE_IDENTIFIER = com.krauserhuang.KALE;
				PRODUCT_NAME = "$(TARGET_NAME)";
				SWIFT_EMIT_LOC_STRINGS = YES;
				SWIFT_VERSION = 5.0;
				TARGETED_DEVICE_FAMILY = "1,2";
			};
			name = Release;
		};
/* End XCBuildConfiguration section */

/* Begin XCConfigurationList section */
		4F43AEE229387FBB00449AD7 /* Build configuration list for PBXProject "KALE" */ = {
			isa = XCConfigurationList;
			buildConfigurations = (
				4F43AEFC29387FC000449AD7 /* Debug */,
				4F43AEFD29387FC000449AD7 /* Release */,
			);
			defaultConfigurationIsVisible = 0;
			defaultConfigurationName = Release;
		};
		4F43AEFE29387FC000449AD7 /* Build configuration list for PBXNativeTarget "KALE" */ = {
			isa = XCConfigurationList;
			buildConfigurations = (
				4F43AEFF29387FC000449AD7 /* Debug */,
				4F43AF0029387FC000449AD7 /* Release */,
			);
			defaultConfigurationIsVisible = 0;
			defaultConfigurationName = Release;
		};
/* End XCConfigurationList section */

/* Begin XCVersionGroup section */
		4F43AEF329387FBB00449AD7 /* KALE.xcdatamodeld */ = {
			isa = XCVersionGroup;
			children = (
				4F43AEF429387FBB00449AD7 /* KALE.xcdatamodel */,
			);
			currentVersion = 4F43AEF429387FBB00449AD7 /* KALE.xcdatamodel */;
			path = KALE.xcdatamodeld;
			sourceTree = "<group>";
			versionGroupType = wrapper.xcdatamodel;
		};
/* End XCVersionGroup section */
	};
	rootObject = 4F43AEDF29387FBB00449AD7 /* Project object */;
}
